
Microsoft Visual Studio Solution File, Format Version 12.00
# Visual Studio 14
VisualStudioVersion = 14.0.25420.1
MinimumVisualStudioVersion = 10.0.40219.1
Project("{FAE04EC0-301F-11D3-BF4B-00C04F79EFBC}") = "FlyoutNavigationSample", "FlyoutNavigationSample\FlyoutNavigationSample.csproj", "{AAA188F1-E969-4095-BC66-59717D7638BB}"
EndProject
Global
	GlobalSection(SolutionConfigurationPlatforms) = preSolution
		Ad-Hoc|iPhone = Ad-Hoc|iPhone
		Ad-Hoc|iPhoneSimulator = Ad-Hoc|iPhoneSimulator
		AppStore|iPhone = AppStore|iPhone
		AppStore|iPhoneSimulator = AppStore|iPhoneSimulator
		Debug|iPhone = Debug|iPhone
		Debug|iPhoneSimulator = Debug|iPhoneSimulator
		Release|iPhone = Release|iPhone
		Release|iPhoneSimulator = Release|iPhoneSimulator
	EndGlobalSection
	GlobalSection(ProjectConfigurationPlatforms) = postSolution
		{AAA188F1-E969-4095-BC66-59717D7638BB}.Ad-Hoc|iPhone.ActiveCfg = Release|iPhone
		{AAA188F1-E969-4095-BC66-59717D7638BB}.Ad-Hoc|iPhone.Build.0 = Release|iPhone
		{AAA188F1-E969-4095-BC66-59717D7638BB}.Ad-Hoc|iPhoneSimulator.ActiveCfg = Release|iPhoneSimulator
		{AAA188F1-E969-4095-BC66-59717D7638BB}.Ad-Hoc|iPhoneSimulator.Build.0 = Release|iPhoneSimulator
		{AAA188F1-E969-4095-BC66-59717D7638BB}.AppStore|iPhone.ActiveCfg = Release|iPhone
		{AAA188F1-E969-4095-BC66-59717D7638BB}.AppStore|iPhone.Build.0 = Release|iPhone
		{AAA188F1-E969-4095-BC66-59717D7638BB}.AppStore|iPhoneSimulator.ActiveCfg = Release|iPhoneSimulator
		{AAA188F1-E969-4095-BC66-59717D7638BB}.AppStore|iPhoneSimulator.Build.0 = Release|iPhoneSimulator
		{AAA188F1-E969-4095-BC66-59717D7638BB}.Debug|iPhone.ActiveCfg = Debug|iPhone
		{AAA188F1-E969-4095-BC66-59717D7638BB}.Debug|iPhone.Build.0 = Debug|iPhone
		{AAA188F1-E969-4095-BC66-59717D7638BB}.Debug|iPhoneSimulator.ActiveCfg = Debug|iPhoneSimulator
		{AAA188F1-E969-4095-BC66-59717D7638BB}.Debug|iPhoneSimulator.Build.0 = Debug|iPhoneSimulator
		{AAA188F1-E969-4095-BC66-59717D7638BB}.Release|iPhone.ActiveCfg = Release|iPhone
		{AAA188F1-E969-4095-BC66-59717D7638BB}.Release|iPhone.Build.0 = Release|iPhone
		{AAA188F1-E969-4095-BC66-59717D7638BB}.Release|iPhoneSimulator.ActiveCfg = Release|iPhoneSimulator
		{AAA188F1-E969-4095-BC66-59717D7638BB}.Release|iPhoneSimulator.Build.0 = Release|iPhoneSimulator
	EndGlobalSection
	GlobalSection(SolutionProperties) = preSolution
		HideSolutionNode = FALSE
	EndGlobalSection
	GlobalSection(MonoDevelopProperties) = preSolution
		StartupItem = FlyoutNavigationSample\FlyoutNavigationSample.csproj
	EndGlobalSection
EndGlobal
