
Microsoft Visual Studio Solution File, Format Version 12.00
# Visual Studio 15
VisualStudioVersion = 15.0.26430.6
MinimumVisualStudioVersion = 10.0.40219.1
Project("{FAE04EC0-301F-11D3-BF4B-00C04F79EFBC}") = "HiPMobile", "Sources\HiPMobile\HiPMobile.csproj", "{703AFE03-8F94-4F5C-A5E8-7D9774D0CED1}"
EndProject
Project("{FAE04EC0-301F-11D3-BF4B-00C04F79EFBC}") = "HipMobileUI", "Sources\HipMobileUI\HipMobileUI.csproj", "{8A545C1B-B2C8-425F-8303-BD5BD08A978D}"
EndProject
Project("{FAE04EC0-301F-11D3-BF4B-00C04F79EFBC}") = "HipMobileUI.Droid", "Sources\HipMobileUI.Droid\HipMobileUI.Droid.csproj", "{8A8AAEA0-C588-4A64-B15C-83510F845F33}"
EndProject
Project("{FAE04EC0-301F-11D3-BF4B-00C04F79EFBC}") = "HipMobileUI.iOS", "Sources\HipMobileUI.iOS\HipMobileUI.iOS.csproj", "{B00B332B-26E5-464B-80FB-F4F84D720CEF}"
EndProject
Project("{FAE04EC0-301F-11D3-BF4B-00C04F79EFBC}") = "HipMobile.Tests", "Sources\HipMobile.Tests\HipMobile.Tests.csproj", "{8EDF4429-251A-416D-BB68-93F227191BCF}"
EndProject
Project("{FAE04EC0-301F-11D3-BF4B-00C04F79EFBC}") = "HipMobileUI.Tests", "Sources\HipMobileUI.Tests\HipMobileUI.Tests.csproj", "{208F4414-3D51-46C2-9D4C-1EE7A40CEDC3}"
EndProject
Project("{2150E333-8FDC-42A3-9474-1A3956D46DE8}") = "HipMobile", "HipMobile", "{1D735A55-18FF-4A75-A311-4816C29ACD0A}"
EndProject
Project("{2150E333-8FDC-42A3-9474-1A3956D46DE8}") = "HipMobileUI", "HipMobileUI", "{9135C941-A58C-4733-B191-A61C6CA2A016}"
EndProject
Project("{FAE04EC0-301F-11D3-BF4B-00C04F79EFBC}") = "HipMobileUI.UITests", "Sources\HipMobileUI.UITests\HipMobileUI.UITests.csproj", "{5CCB5487-8031-4BAB-9EBA-D4A04A1D010E}"
EndProject
Global
	GlobalSection(SolutionConfigurationPlatforms) = preSolution
		Ad-Hoc|Any CPU = Ad-Hoc|Any CPU
		Ad-Hoc|iPhone = Ad-Hoc|iPhone
		Ad-Hoc|iPhoneSimulator = Ad-Hoc|iPhoneSimulator
		AppStore|Any CPU = AppStore|Any CPU
		AppStore|iPhone = AppStore|iPhone
		AppStore|iPhoneSimulator = AppStore|iPhoneSimulator
		Debug|Any CPU = Debug|Any CPU
		Debug|iPhone = Debug|iPhone
		Debug|iPhoneSimulator = Debug|iPhoneSimulator
		iOS Release|Any CPU = iOS Release|Any CPU
		iOS Release|iPhone = iOS Release|iPhone
		iOS Release|iPhoneSimulator = iOS Release|iPhoneSimulator
		Release|Any CPU = Release|Any CPU
		Release|iPhone = Release|iPhone
		Release|iPhoneSimulator = Release|iPhoneSimulator
		TestsOnly|Any CPU = TestsOnly|Any CPU
		TestsOnly|iPhone = TestsOnly|iPhone
		TestsOnly|iPhoneSimulator = TestsOnly|iPhoneSimulator
	EndGlobalSection
	GlobalSection(ProjectConfigurationPlatforms) = postSolution
		{703AFE03-8F94-4F5C-A5E8-7D9774D0CED1}.Ad-Hoc|Any CPU.ActiveCfg = Release|Any CPU
		{703AFE03-8F94-4F5C-A5E8-7D9774D0CED1}.Ad-Hoc|Any CPU.Build.0 = Release|Any CPU
		{703AFE03-8F94-4F5C-A5E8-7D9774D0CED1}.Ad-Hoc|iPhone.ActiveCfg = Release|Any CPU
		{703AFE03-8F94-4F5C-A5E8-7D9774D0CED1}.Ad-Hoc|iPhone.Build.0 = Release|Any CPU
		{703AFE03-8F94-4F5C-A5E8-7D9774D0CED1}.Ad-Hoc|iPhoneSimulator.ActiveCfg = Release|Any CPU
		{703AFE03-8F94-4F5C-A5E8-7D9774D0CED1}.Ad-Hoc|iPhoneSimulator.Build.0 = Release|Any CPU
		{703AFE03-8F94-4F5C-A5E8-7D9774D0CED1}.AppStore|Any CPU.ActiveCfg = Release|Any CPU
		{703AFE03-8F94-4F5C-A5E8-7D9774D0CED1}.AppStore|Any CPU.Build.0 = Release|Any CPU
		{703AFE03-8F94-4F5C-A5E8-7D9774D0CED1}.AppStore|iPhone.ActiveCfg = Release|Any CPU
		{703AFE03-8F94-4F5C-A5E8-7D9774D0CED1}.AppStore|iPhone.Build.0 = Release|Any CPU
		{703AFE03-8F94-4F5C-A5E8-7D9774D0CED1}.AppStore|iPhoneSimulator.ActiveCfg = Release|Any CPU
		{703AFE03-8F94-4F5C-A5E8-7D9774D0CED1}.AppStore|iPhoneSimulator.Build.0 = Release|Any CPU
		{703AFE03-8F94-4F5C-A5E8-7D9774D0CED1}.Debug|Any CPU.ActiveCfg = Debug|Any CPU
		{703AFE03-8F94-4F5C-A5E8-7D9774D0CED1}.Debug|Any CPU.Build.0 = Debug|Any CPU
		{703AFE03-8F94-4F5C-A5E8-7D9774D0CED1}.Debug|iPhone.ActiveCfg = Debug|Any CPU
		{703AFE03-8F94-4F5C-A5E8-7D9774D0CED1}.Debug|iPhone.Build.0 = Debug|Any CPU
		{703AFE03-8F94-4F5C-A5E8-7D9774D0CED1}.Debug|iPhoneSimulator.ActiveCfg = Debug|Any CPU
		{703AFE03-8F94-4F5C-A5E8-7D9774D0CED1}.Debug|iPhoneSimulator.Build.0 = Debug|Any CPU
		{703AFE03-8F94-4F5C-A5E8-7D9774D0CED1}.iOS Release|Any CPU.ActiveCfg = iOS Release|Any CPU
		{703AFE03-8F94-4F5C-A5E8-7D9774D0CED1}.iOS Release|Any CPU.Build.0 = iOS Release|Any CPU
		{703AFE03-8F94-4F5C-A5E8-7D9774D0CED1}.iOS Release|iPhone.ActiveCfg = iOS Release|Any CPU
		{703AFE03-8F94-4F5C-A5E8-7D9774D0CED1}.iOS Release|iPhone.Build.0 = iOS Release|Any CPU
		{703AFE03-8F94-4F5C-A5E8-7D9774D0CED1}.iOS Release|iPhoneSimulator.ActiveCfg = iOS Release|Any CPU
		{703AFE03-8F94-4F5C-A5E8-7D9774D0CED1}.iOS Release|iPhoneSimulator.Build.0 = iOS Release|Any CPU
		{703AFE03-8F94-4F5C-A5E8-7D9774D0CED1}.Release|Any CPU.ActiveCfg = Release|Any CPU
		{703AFE03-8F94-4F5C-A5E8-7D9774D0CED1}.Release|Any CPU.Build.0 = Release|Any CPU
		{703AFE03-8F94-4F5C-A5E8-7D9774D0CED1}.Release|iPhone.ActiveCfg = Release|Any CPU
		{703AFE03-8F94-4F5C-A5E8-7D9774D0CED1}.Release|iPhone.Build.0 = Release|Any CPU
		{703AFE03-8F94-4F5C-A5E8-7D9774D0CED1}.Release|iPhoneSimulator.ActiveCfg = Release|Any CPU
		{703AFE03-8F94-4F5C-A5E8-7D9774D0CED1}.Release|iPhoneSimulator.Build.0 = Release|Any CPU
		{703AFE03-8F94-4F5C-A5E8-7D9774D0CED1}.TestsOnly|Any CPU.ActiveCfg = TestsOnly|Any CPU
		{703AFE03-8F94-4F5C-A5E8-7D9774D0CED1}.TestsOnly|Any CPU.Build.0 = TestsOnly|Any CPU
		{703AFE03-8F94-4F5C-A5E8-7D9774D0CED1}.TestsOnly|iPhone.ActiveCfg = TestsOnly|Any CPU
		{703AFE03-8F94-4F5C-A5E8-7D9774D0CED1}.TestsOnly|iPhone.Build.0 = TestsOnly|Any CPU
		{703AFE03-8F94-4F5C-A5E8-7D9774D0CED1}.TestsOnly|iPhoneSimulator.ActiveCfg = TestsOnly|Any CPU
		{703AFE03-8F94-4F5C-A5E8-7D9774D0CED1}.TestsOnly|iPhoneSimulator.Build.0 = TestsOnly|Any CPU
		{8A545C1B-B2C8-425F-8303-BD5BD08A978D}.Ad-Hoc|Any CPU.ActiveCfg = Release|Any CPU
		{8A545C1B-B2C8-425F-8303-BD5BD08A978D}.Ad-Hoc|Any CPU.Build.0 = Release|Any CPU
		{8A545C1B-B2C8-425F-8303-BD5BD08A978D}.Ad-Hoc|iPhone.ActiveCfg = Release|Any CPU
		{8A545C1B-B2C8-425F-8303-BD5BD08A978D}.Ad-Hoc|iPhone.Build.0 = Release|Any CPU
		{8A545C1B-B2C8-425F-8303-BD5BD08A978D}.Ad-Hoc|iPhoneSimulator.ActiveCfg = Release|Any CPU
		{8A545C1B-B2C8-425F-8303-BD5BD08A978D}.Ad-Hoc|iPhoneSimulator.Build.0 = Release|Any CPU
		{8A545C1B-B2C8-425F-8303-BD5BD08A978D}.AppStore|Any CPU.ActiveCfg = Release|Any CPU
		{8A545C1B-B2C8-425F-8303-BD5BD08A978D}.AppStore|Any CPU.Build.0 = Release|Any CPU
		{8A545C1B-B2C8-425F-8303-BD5BD08A978D}.AppStore|iPhone.ActiveCfg = Release|Any CPU
		{8A545C1B-B2C8-425F-8303-BD5BD08A978D}.AppStore|iPhone.Build.0 = Release|Any CPU
		{8A545C1B-B2C8-425F-8303-BD5BD08A978D}.AppStore|iPhoneSimulator.ActiveCfg = Release|Any CPU
		{8A545C1B-B2C8-425F-8303-BD5BD08A978D}.AppStore|iPhoneSimulator.Build.0 = Release|Any CPU
		{8A545C1B-B2C8-425F-8303-BD5BD08A978D}.Debug|Any CPU.ActiveCfg = Debug|Any CPU
		{8A545C1B-B2C8-425F-8303-BD5BD08A978D}.Debug|Any CPU.Build.0 = Debug|Any CPU
		{8A545C1B-B2C8-425F-8303-BD5BD08A978D}.Debug|iPhone.ActiveCfg = Debug|Any CPU
		{8A545C1B-B2C8-425F-8303-BD5BD08A978D}.Debug|iPhone.Build.0 = Debug|Any CPU
		{8A545C1B-B2C8-425F-8303-BD5BD08A978D}.Debug|iPhoneSimulator.ActiveCfg = Debug|Any CPU
		{8A545C1B-B2C8-425F-8303-BD5BD08A978D}.Debug|iPhoneSimulator.Build.0 = Debug|Any CPU
		{8A545C1B-B2C8-425F-8303-BD5BD08A978D}.iOS Release|Any CPU.ActiveCfg = iOS Release|Any CPU
		{8A545C1B-B2C8-425F-8303-BD5BD08A978D}.iOS Release|Any CPU.Build.0 = iOS Release|Any CPU
		{8A545C1B-B2C8-425F-8303-BD5BD08A978D}.iOS Release|iPhone.ActiveCfg = iOS Release|Any CPU
		{8A545C1B-B2C8-425F-8303-BD5BD08A978D}.iOS Release|iPhone.Build.0 = iOS Release|Any CPU
		{8A545C1B-B2C8-425F-8303-BD5BD08A978D}.iOS Release|iPhoneSimulator.ActiveCfg = iOS Release|Any CPU
		{8A545C1B-B2C8-425F-8303-BD5BD08A978D}.iOS Release|iPhoneSimulator.Build.0 = iOS Release|Any CPU
		{8A545C1B-B2C8-425F-8303-BD5BD08A978D}.Release|Any CPU.ActiveCfg = Release|Any CPU
		{8A545C1B-B2C8-425F-8303-BD5BD08A978D}.Release|Any CPU.Build.0 = Release|Any CPU
		{8A545C1B-B2C8-425F-8303-BD5BD08A978D}.Release|iPhone.ActiveCfg = Release|Any CPU
		{8A545C1B-B2C8-425F-8303-BD5BD08A978D}.Release|iPhone.Build.0 = Release|Any CPU
		{8A545C1B-B2C8-425F-8303-BD5BD08A978D}.Release|iPhoneSimulator.ActiveCfg = Release|Any CPU
		{8A545C1B-B2C8-425F-8303-BD5BD08A978D}.Release|iPhoneSimulator.Build.0 = Release|Any CPU
		{8A545C1B-B2C8-425F-8303-BD5BD08A978D}.TestsOnly|Any CPU.ActiveCfg = TestsOnly|Any CPU
		{8A545C1B-B2C8-425F-8303-BD5BD08A978D}.TestsOnly|Any CPU.Build.0 = TestsOnly|Any CPU
		{8A545C1B-B2C8-425F-8303-BD5BD08A978D}.TestsOnly|iPhone.ActiveCfg = TestsOnly|Any CPU
		{8A545C1B-B2C8-425F-8303-BD5BD08A978D}.TestsOnly|iPhone.Build.0 = TestsOnly|Any CPU
		{8A545C1B-B2C8-425F-8303-BD5BD08A978D}.TestsOnly|iPhoneSimulator.ActiveCfg = TestsOnly|Any CPU
		{8A545C1B-B2C8-425F-8303-BD5BD08A978D}.TestsOnly|iPhoneSimulator.Build.0 = TestsOnly|Any CPU
		{8A8AAEA0-C588-4A64-B15C-83510F845F33}.Ad-Hoc|Any CPU.ActiveCfg = Release|Any CPU
		{8A8AAEA0-C588-4A64-B15C-83510F845F33}.Ad-Hoc|Any CPU.Build.0 = Release|Any CPU
		{8A8AAEA0-C588-4A64-B15C-83510F845F33}.Ad-Hoc|Any CPU.Deploy.0 = Release|Any CPU
		{8A8AAEA0-C588-4A64-B15C-83510F845F33}.Ad-Hoc|iPhone.ActiveCfg = Release|Any CPU
		{8A8AAEA0-C588-4A64-B15C-83510F845F33}.Ad-Hoc|iPhone.Build.0 = Release|Any CPU
		{8A8AAEA0-C588-4A64-B15C-83510F845F33}.Ad-Hoc|iPhone.Deploy.0 = Release|Any CPU
		{8A8AAEA0-C588-4A64-B15C-83510F845F33}.Ad-Hoc|iPhoneSimulator.ActiveCfg = Release|Any CPU
		{8A8AAEA0-C588-4A64-B15C-83510F845F33}.Ad-Hoc|iPhoneSimulator.Build.0 = Release|Any CPU
		{8A8AAEA0-C588-4A64-B15C-83510F845F33}.Ad-Hoc|iPhoneSimulator.Deploy.0 = Release|Any CPU
		{8A8AAEA0-C588-4A64-B15C-83510F845F33}.AppStore|Any CPU.ActiveCfg = Release|Any CPU
		{8A8AAEA0-C588-4A64-B15C-83510F845F33}.AppStore|Any CPU.Build.0 = Release|Any CPU
		{8A8AAEA0-C588-4A64-B15C-83510F845F33}.AppStore|Any CPU.Deploy.0 = Release|Any CPU
		{8A8AAEA0-C588-4A64-B15C-83510F845F33}.AppStore|iPhone.ActiveCfg = Release|Any CPU
		{8A8AAEA0-C588-4A64-B15C-83510F845F33}.AppStore|iPhone.Build.0 = Release|Any CPU
		{8A8AAEA0-C588-4A64-B15C-83510F845F33}.AppStore|iPhone.Deploy.0 = Release|Any CPU
		{8A8AAEA0-C588-4A64-B15C-83510F845F33}.AppStore|iPhoneSimulator.ActiveCfg = Release|Any CPU
		{8A8AAEA0-C588-4A64-B15C-83510F845F33}.AppStore|iPhoneSimulator.Build.0 = Release|Any CPU
		{8A8AAEA0-C588-4A64-B15C-83510F845F33}.AppStore|iPhoneSimulator.Deploy.0 = Release|Any CPU
		{8A8AAEA0-C588-4A64-B15C-83510F845F33}.Debug|Any CPU.ActiveCfg = Debug|Any CPU
		{8A8AAEA0-C588-4A64-B15C-83510F845F33}.Debug|Any CPU.Build.0 = Debug|Any CPU
		{8A8AAEA0-C588-4A64-B15C-83510F845F33}.Debug|Any CPU.Deploy.0 = Debug|Any CPU
		{8A8AAEA0-C588-4A64-B15C-83510F845F33}.Debug|iPhone.ActiveCfg = Debug|Any CPU
		{8A8AAEA0-C588-4A64-B15C-83510F845F33}.Debug|iPhoneSimulator.ActiveCfg = Debug|Any CPU
		{8A8AAEA0-C588-4A64-B15C-83510F845F33}.Debug|iPhoneSimulator.Build.0 = Debug|Any CPU
		{8A8AAEA0-C588-4A64-B15C-83510F845F33}.Debug|iPhoneSimulator.Deploy.0 = Debug|Any CPU
		{8A8AAEA0-C588-4A64-B15C-83510F845F33}.iOS Release|Any CPU.ActiveCfg = iOS Release|Any CPU
		{8A8AAEA0-C588-4A64-B15C-83510F845F33}.iOS Release|Any CPU.Build.0 = iOS Release|Any CPU
		{8A8AAEA0-C588-4A64-B15C-83510F845F33}.iOS Release|Any CPU.Deploy.0 = iOS Release|Any CPU
		{8A8AAEA0-C588-4A64-B15C-83510F845F33}.iOS Release|iPhone.ActiveCfg = iOS Release|Any CPU
		{8A8AAEA0-C588-4A64-B15C-83510F845F33}.iOS Release|iPhoneSimulator.ActiveCfg = iOS Release|Any CPU
		{8A8AAEA0-C588-4A64-B15C-83510F845F33}.Release|Any CPU.ActiveCfg = Release|Any CPU
		{8A8AAEA0-C588-4A64-B15C-83510F845F33}.Release|Any CPU.Build.0 = Release|Any CPU
		{8A8AAEA0-C588-4A64-B15C-83510F845F33}.Release|Any CPU.Deploy.0 = Release|Any CPU
		{8A8AAEA0-C588-4A64-B15C-83510F845F33}.Release|iPhone.ActiveCfg = Release|Any CPU
		{8A8AAEA0-C588-4A64-B15C-83510F845F33}.Release|iPhone.Build.0 = Release|Any CPU
		{8A8AAEA0-C588-4A64-B15C-83510F845F33}.Release|iPhone.Deploy.0 = Release|Any CPU
		{8A8AAEA0-C588-4A64-B15C-83510F845F33}.Release|iPhoneSimulator.ActiveCfg = Release|Any CPU
		{8A8AAEA0-C588-4A64-B15C-83510F845F33}.Release|iPhoneSimulator.Build.0 = Release|Any CPU
		{8A8AAEA0-C588-4A64-B15C-83510F845F33}.Release|iPhoneSimulator.Deploy.0 = Release|Any CPU
		{8A8AAEA0-C588-4A64-B15C-83510F845F33}.TestsOnly|Any CPU.ActiveCfg = TestsOnly|Any CPU
		{8A8AAEA0-C588-4A64-B15C-83510F845F33}.TestsOnly|iPhone.ActiveCfg = TestsOnly|Any CPU
		{8A8AAEA0-C588-4A64-B15C-83510F845F33}.TestsOnly|iPhoneSimulator.ActiveCfg = TestsOnly|Any CPU
		{B00B332B-26E5-464B-80FB-F4F84D720CEF}.Ad-Hoc|Any CPU.ActiveCfg = Ad-Hoc|iPhone
		{B00B332B-26E5-464B-80FB-F4F84D720CEF}.Ad-Hoc|iPhone.ActiveCfg = Ad-Hoc|iPhone
		{B00B332B-26E5-464B-80FB-F4F84D720CEF}.Ad-Hoc|iPhone.Build.0 = Ad-Hoc|iPhone
		{B00B332B-26E5-464B-80FB-F4F84D720CEF}.Ad-Hoc|iPhoneSimulator.ActiveCfg = Ad-Hoc|iPhoneSimulator
		{B00B332B-26E5-464B-80FB-F4F84D720CEF}.Ad-Hoc|iPhoneSimulator.Build.0 = Ad-Hoc|iPhoneSimulator
		{B00B332B-26E5-464B-80FB-F4F84D720CEF}.AppStore|Any CPU.ActiveCfg = AppStore|iPhone
		{B00B332B-26E5-464B-80FB-F4F84D720CEF}.AppStore|iPhone.ActiveCfg = AppStore|iPhone
		{B00B332B-26E5-464B-80FB-F4F84D720CEF}.AppStore|iPhone.Build.0 = AppStore|iPhone
		{B00B332B-26E5-464B-80FB-F4F84D720CEF}.AppStore|iPhoneSimulator.ActiveCfg = AppStore|iPhoneSimulator
		{B00B332B-26E5-464B-80FB-F4F84D720CEF}.AppStore|iPhoneSimulator.Build.0 = AppStore|iPhoneSimulator
		{B00B332B-26E5-464B-80FB-F4F84D720CEF}.Debug|Any CPU.ActiveCfg = Debug|iPhone
		{B00B332B-26E5-464B-80FB-F4F84D720CEF}.Debug|iPhone.ActiveCfg = Debug|iPhone
		{B00B332B-26E5-464B-80FB-F4F84D720CEF}.Debug|iPhone.Build.0 = Debug|iPhone
		{B00B332B-26E5-464B-80FB-F4F84D720CEF}.Debug|iPhoneSimulator.ActiveCfg = Debug|iPhoneSimulator
		{B00B332B-26E5-464B-80FB-F4F84D720CEF}.Debug|iPhoneSimulator.Build.0 = Debug|iPhoneSimulator
		{B00B332B-26E5-464B-80FB-F4F84D720CEF}.iOS Release|Any CPU.ActiveCfg = iOS Release|iPhone
		{B00B332B-26E5-464B-80FB-F4F84D720CEF}.iOS Release|iPhone.ActiveCfg = iOS Release|iPhone
		{B00B332B-26E5-464B-80FB-F4F84D720CEF}.iOS Release|iPhone.Build.0 = iOS Release|iPhone
		{B00B332B-26E5-464B-80FB-F4F84D720CEF}.iOS Release|iPhoneSimulator.ActiveCfg = iOS Release|iPhoneSimulator
		{B00B332B-26E5-464B-80FB-F4F84D720CEF}.iOS Release|iPhoneSimulator.Build.0 = iOS Release|iPhoneSimulator
		{B00B332B-26E5-464B-80FB-F4F84D720CEF}.Release|Any CPU.ActiveCfg = Release|iPhone
		{B00B332B-26E5-464B-80FB-F4F84D720CEF}.Release|iPhone.ActiveCfg = Release|iPhone
		{B00B332B-26E5-464B-80FB-F4F84D720CEF}.Release|iPhone.Build.0 = Release|iPhone
		{B00B332B-26E5-464B-80FB-F4F84D720CEF}.Release|iPhoneSimulator.ActiveCfg = Release|iPhoneSimulator
		{B00B332B-26E5-464B-80FB-F4F84D720CEF}.Release|iPhoneSimulator.Build.0 = Release|iPhoneSimulator
		{B00B332B-26E5-464B-80FB-F4F84D720CEF}.TestsOnly|Any CPU.ActiveCfg = TestsOnly|iPhone
		{B00B332B-26E5-464B-80FB-F4F84D720CEF}.TestsOnly|iPhone.ActiveCfg = TestsOnly|iPhone
		{B00B332B-26E5-464B-80FB-F4F84D720CEF}.TestsOnly|iPhoneSimulator.ActiveCfg = TestsOnly|iPhoneSimulator
		{8EDF4429-251A-416D-BB68-93F227191BCF}.Ad-Hoc|Any CPU.ActiveCfg = Release|Any CPU
		{8EDF4429-251A-416D-BB68-93F227191BCF}.Ad-Hoc|Any CPU.Build.0 = Release|Any CPU
		{8EDF4429-251A-416D-BB68-93F227191BCF}.Ad-Hoc|iPhone.ActiveCfg = Release|Any CPU
		{8EDF4429-251A-416D-BB68-93F227191BCF}.Ad-Hoc|iPhone.Build.0 = Release|Any CPU
		{8EDF4429-251A-416D-BB68-93F227191BCF}.Ad-Hoc|iPhoneSimulator.ActiveCfg = Release|Any CPU
		{8EDF4429-251A-416D-BB68-93F227191BCF}.Ad-Hoc|iPhoneSimulator.Build.0 = Release|Any CPU
		{8EDF4429-251A-416D-BB68-93F227191BCF}.AppStore|Any CPU.ActiveCfg = Release|Any CPU
		{8EDF4429-251A-416D-BB68-93F227191BCF}.AppStore|Any CPU.Build.0 = Release|Any CPU
		{8EDF4429-251A-416D-BB68-93F227191BCF}.AppStore|iPhone.ActiveCfg = Release|Any CPU
		{8EDF4429-251A-416D-BB68-93F227191BCF}.AppStore|iPhone.Build.0 = Release|Any CPU
		{8EDF4429-251A-416D-BB68-93F227191BCF}.AppStore|iPhoneSimulator.ActiveCfg = Release|Any CPU
		{8EDF4429-251A-416D-BB68-93F227191BCF}.AppStore|iPhoneSimulator.Build.0 = Release|Any CPU
		{8EDF4429-251A-416D-BB68-93F227191BCF}.Debug|Any CPU.ActiveCfg = Debug|Any CPU
		{8EDF4429-251A-416D-BB68-93F227191BCF}.Debug|Any CPU.Build.0 = Debug|Any CPU
		{8EDF4429-251A-416D-BB68-93F227191BCF}.Debug|iPhone.ActiveCfg = Debug|Any CPU
		{8EDF4429-251A-416D-BB68-93F227191BCF}.Debug|iPhone.Build.0 = Debug|Any CPU
		{8EDF4429-251A-416D-BB68-93F227191BCF}.Debug|iPhoneSimulator.ActiveCfg = Debug|Any CPU
		{8EDF4429-251A-416D-BB68-93F227191BCF}.Debug|iPhoneSimulator.Build.0 = Debug|Any CPU
		{8EDF4429-251A-416D-BB68-93F227191BCF}.iOS Release|Any CPU.ActiveCfg = Release|Any CPU
		{8EDF4429-251A-416D-BB68-93F227191BCF}.iOS Release|iPhone.ActiveCfg = Release|Any CPU
		{8EDF4429-251A-416D-BB68-93F227191BCF}.iOS Release|iPhoneSimulator.ActiveCfg = Release|Any CPU
		{8EDF4429-251A-416D-BB68-93F227191BCF}.Release|Any CPU.ActiveCfg = Release|Any CPU
		{8EDF4429-251A-416D-BB68-93F227191BCF}.Release|Any CPU.Build.0 = Release|Any CPU
		{8EDF4429-251A-416D-BB68-93F227191BCF}.Release|iPhone.ActiveCfg = Release|Any CPU
		{8EDF4429-251A-416D-BB68-93F227191BCF}.Release|iPhone.Build.0 = Release|Any CPU
		{8EDF4429-251A-416D-BB68-93F227191BCF}.Release|iPhoneSimulator.ActiveCfg = Release|Any CPU
		{8EDF4429-251A-416D-BB68-93F227191BCF}.Release|iPhoneSimulator.Build.0 = Release|Any CPU
		{8EDF4429-251A-416D-BB68-93F227191BCF}.TestsOnly|Any CPU.ActiveCfg = TestsOnly|Any CPU
		{8EDF4429-251A-416D-BB68-93F227191BCF}.TestsOnly|Any CPU.Build.0 = TestsOnly|Any CPU
		{8EDF4429-251A-416D-BB68-93F227191BCF}.TestsOnly|iPhone.ActiveCfg = TestsOnly|Any CPU
		{8EDF4429-251A-416D-BB68-93F227191BCF}.TestsOnly|iPhone.Build.0 = TestsOnly|Any CPU
		{8EDF4429-251A-416D-BB68-93F227191BCF}.TestsOnly|iPhoneSimulator.ActiveCfg = TestsOnly|Any CPU
		{8EDF4429-251A-416D-BB68-93F227191BCF}.TestsOnly|iPhoneSimulator.Build.0 = TestsOnly|Any CPU
		{208F4414-3D51-46C2-9D4C-1EE7A40CEDC3}.Ad-Hoc|Any CPU.ActiveCfg = Release|Any CPU
		{208F4414-3D51-46C2-9D4C-1EE7A40CEDC3}.Ad-Hoc|Any CPU.Build.0 = Release|Any CPU
		{208F4414-3D51-46C2-9D4C-1EE7A40CEDC3}.Ad-Hoc|iPhone.ActiveCfg = Release|Any CPU
		{208F4414-3D51-46C2-9D4C-1EE7A40CEDC3}.Ad-Hoc|iPhone.Build.0 = Release|Any CPU
		{208F4414-3D51-46C2-9D4C-1EE7A40CEDC3}.Ad-Hoc|iPhoneSimulator.ActiveCfg = Release|Any CPU
		{208F4414-3D51-46C2-9D4C-1EE7A40CEDC3}.Ad-Hoc|iPhoneSimulator.Build.0 = Release|Any CPU
		{208F4414-3D51-46C2-9D4C-1EE7A40CEDC3}.AppStore|Any CPU.ActiveCfg = Release|Any CPU
		{208F4414-3D51-46C2-9D4C-1EE7A40CEDC3}.AppStore|Any CPU.Build.0 = Release|Any CPU
		{208F4414-3D51-46C2-9D4C-1EE7A40CEDC3}.AppStore|iPhone.ActiveCfg = Release|Any CPU
		{208F4414-3D51-46C2-9D4C-1EE7A40CEDC3}.AppStore|iPhone.Build.0 = Release|Any CPU
		{208F4414-3D51-46C2-9D4C-1EE7A40CEDC3}.AppStore|iPhoneSimulator.ActiveCfg = Release|Any CPU
		{208F4414-3D51-46C2-9D4C-1EE7A40CEDC3}.AppStore|iPhoneSimulator.Build.0 = Release|Any CPU
		{208F4414-3D51-46C2-9D4C-1EE7A40CEDC3}.Debug|Any CPU.ActiveCfg = Debug|Any CPU
		{208F4414-3D51-46C2-9D4C-1EE7A40CEDC3}.Debug|Any CPU.Build.0 = Debug|Any CPU
		{208F4414-3D51-46C2-9D4C-1EE7A40CEDC3}.Debug|iPhone.ActiveCfg = Debug|Any CPU
		{208F4414-3D51-46C2-9D4C-1EE7A40CEDC3}.Debug|iPhone.Build.0 = Debug|Any CPU
		{208F4414-3D51-46C2-9D4C-1EE7A40CEDC3}.Debug|iPhoneSimulator.ActiveCfg = Debug|Any CPU
		{208F4414-3D51-46C2-9D4C-1EE7A40CEDC3}.Debug|iPhoneSimulator.Build.0 = Debug|Any CPU
		{208F4414-3D51-46C2-9D4C-1EE7A40CEDC3}.iOS Release|Any CPU.ActiveCfg = Release|Any CPU
		{208F4414-3D51-46C2-9D4C-1EE7A40CEDC3}.iOS Release|iPhone.ActiveCfg = Release|Any CPU
		{208F4414-3D51-46C2-9D4C-1EE7A40CEDC3}.iOS Release|iPhoneSimulator.ActiveCfg = Release|Any CPU
		{208F4414-3D51-46C2-9D4C-1EE7A40CEDC3}.Release|Any CPU.ActiveCfg = Release|Any CPU
		{208F4414-3D51-46C2-9D4C-1EE7A40CEDC3}.Release|Any CPU.Build.0 = Release|Any CPU
		{208F4414-3D51-46C2-9D4C-1EE7A40CEDC3}.Release|iPhone.ActiveCfg = Release|Any CPU
		{208F4414-3D51-46C2-9D4C-1EE7A40CEDC3}.Release|iPhone.Build.0 = Release|Any CPU
		{208F4414-3D51-46C2-9D4C-1EE7A40CEDC3}.Release|iPhoneSimulator.ActiveCfg = Release|Any CPU
		{208F4414-3D51-46C2-9D4C-1EE7A40CEDC3}.Release|iPhoneSimulator.Build.0 = Release|Any CPU
		{208F4414-3D51-46C2-9D4C-1EE7A40CEDC3}.TestsOnly|Any CPU.ActiveCfg = TestsOnly|Any CPU
		{208F4414-3D51-46C2-9D4C-1EE7A40CEDC3}.TestsOnly|Any CPU.Build.0 = TestsOnly|Any CPU
		{208F4414-3D51-46C2-9D4C-1EE7A40CEDC3}.TestsOnly|iPhone.ActiveCfg = TestsOnly|Any CPU
		{208F4414-3D51-46C2-9D4C-1EE7A40CEDC3}.TestsOnly|iPhone.Build.0 = TestsOnly|Any CPU
		{208F4414-3D51-46C2-9D4C-1EE7A40CEDC3}.TestsOnly|iPhoneSimulator.ActiveCfg = TestsOnly|Any CPU
		{208F4414-3D51-46C2-9D4C-1EE7A40CEDC3}.TestsOnly|iPhoneSimulator.Build.0 = TestsOnly|Any CPU
		{5CCB5487-8031-4BAB-9EBA-D4A04A1D010E}.Ad-Hoc|Any CPU.ActiveCfg = Release|Any CPU
		{5CCB5487-8031-4BAB-9EBA-D4A04A1D010E}.Ad-Hoc|Any CPU.Build.0 = Release|Any CPU
		{5CCB5487-8031-4BAB-9EBA-D4A04A1D010E}.Ad-Hoc|iPhone.ActiveCfg = Release|Any CPU
		{5CCB5487-8031-4BAB-9EBA-D4A04A1D010E}.Ad-Hoc|iPhone.Build.0 = Release|Any CPU
		{5CCB5487-8031-4BAB-9EBA-D4A04A1D010E}.Ad-Hoc|iPhoneSimulator.ActiveCfg = Release|Any CPU
		{5CCB5487-8031-4BAB-9EBA-D4A04A1D010E}.Ad-Hoc|iPhoneSimulator.Build.0 = Release|Any CPU
		{5CCB5487-8031-4BAB-9EBA-D4A04A1D010E}.AppStore|Any CPU.ActiveCfg = Release|Any CPU
		{5CCB5487-8031-4BAB-9EBA-D4A04A1D010E}.AppStore|Any CPU.Build.0 = Release|Any CPU
		{5CCB5487-8031-4BAB-9EBA-D4A04A1D010E}.AppStore|iPhone.ActiveCfg = Release|Any CPU
		{5CCB5487-8031-4BAB-9EBA-D4A04A1D010E}.AppStore|iPhone.Build.0 = Release|Any CPU
		{5CCB5487-8031-4BAB-9EBA-D4A04A1D010E}.AppStore|iPhoneSimulator.ActiveCfg = Release|Any CPU
		{5CCB5487-8031-4BAB-9EBA-D4A04A1D010E}.AppStore|iPhoneSimulator.Build.0 = Release|Any CPU
		{5CCB5487-8031-4BAB-9EBA-D4A04A1D010E}.Debug|Any CPU.ActiveCfg = Debug|Any CPU
		{5CCB5487-8031-4BAB-9EBA-D4A04A1D010E}.Debug|Any CPU.Build.0 = Debug|Any CPU
		{5CCB5487-8031-4BAB-9EBA-D4A04A1D010E}.Debug|iPhone.ActiveCfg = Debug|Any CPU
		{5CCB5487-8031-4BAB-9EBA-D4A04A1D010E}.Debug|iPhone.Build.0 = Debug|Any CPU
		{5CCB5487-8031-4BAB-9EBA-D4A04A1D010E}.Debug|iPhoneSimulator.ActiveCfg = Debug|Any CPU
		{5CCB5487-8031-4BAB-9EBA-D4A04A1D010E}.Debug|iPhoneSimulator.Build.0 = Debug|Any CPU
		{5CCB5487-8031-4BAB-9EBA-D4A04A1D010E}.iOS Release|Any CPU.ActiveCfg = Release|Any CPU
		{5CCB5487-8031-4BAB-9EBA-D4A04A1D010E}.iOS Release|iPhone.ActiveCfg = iOS Release|Any CPU
		{5CCB5487-8031-4BAB-9EBA-D4A04A1D010E}.iOS Release|iPhone.Build.0 = iOS Release|Any CPU
		{5CCB5487-8031-4BAB-9EBA-D4A04A1D010E}.iOS Release|iPhoneSimulator.ActiveCfg = iOS Release|Any CPU
		{5CCB5487-8031-4BAB-9EBA-D4A04A1D010E}.iOS Release|iPhoneSimulator.Build.0 = iOS Release|Any CPU
		{5CCB5487-8031-4BAB-9EBA-D4A04A1D010E}.Release|Any CPU.ActiveCfg = Release|Any CPU
		{5CCB5487-8031-4BAB-9EBA-D4A04A1D010E}.Release|Any CPU.Build.0 = Release|Any CPU
		{5CCB5487-8031-4BAB-9EBA-D4A04A1D010E}.Release|iPhone.ActiveCfg = Release|Any CPU
		{5CCB5487-8031-4BAB-9EBA-D4A04A1D010E}.Release|iPhone.Build.0 = Release|Any CPU
		{5CCB5487-8031-4BAB-9EBA-D4A04A1D010E}.Release|iPhoneSimulator.ActiveCfg = Release|Any CPU
		{5CCB5487-8031-4BAB-9EBA-D4A04A1D010E}.Release|iPhoneSimulator.Build.0 = Release|Any CPU
		{5CCB5487-8031-4BAB-9EBA-D4A04A1D010E}.TestsOnly|Any CPU.ActiveCfg = Release|Any CPU
		{5CCB5487-8031-4BAB-9EBA-D4A04A1D010E}.TestsOnly|Any CPU.Build.0 = Release|Any CPU
		{5CCB5487-8031-4BAB-9EBA-D4A04A1D010E}.TestsOnly|iPhone.ActiveCfg = Release|Any CPU
		{5CCB5487-8031-4BAB-9EBA-D4A04A1D010E}.TestsOnly|iPhone.Build.0 = Release|Any CPU
		{5CCB5487-8031-4BAB-9EBA-D4A04A1D010E}.TestsOnly|iPhoneSimulator.ActiveCfg = Release|Any CPU
		{5CCB5487-8031-4BAB-9EBA-D4A04A1D010E}.TestsOnly|iPhoneSimulator.Build.0 = Release|Any CPU
	EndGlobalSection
	GlobalSection(SolutionProperties) = preSolution
		HideSolutionNode = FALSE
	EndGlobalSection
	GlobalSection(NestedProjects) = preSolution
		{703AFE03-8F94-4F5C-A5E8-7D9774D0CED1} = {1D735A55-18FF-4A75-A311-4816C29ACD0A}
		{8A545C1B-B2C8-425F-8303-BD5BD08A978D} = {9135C941-A58C-4733-B191-A61C6CA2A016}
		{8A8AAEA0-C588-4A64-B15C-83510F845F33} = {9135C941-A58C-4733-B191-A61C6CA2A016}
		{8EDF4429-251A-416D-BB68-93F227191BCF} = {1D735A55-18FF-4A75-A311-4816C29ACD0A}
		{208F4414-3D51-46C2-9D4C-1EE7A40CEDC3} = {9135C941-A58C-4733-B191-A61C6CA2A016}
	EndGlobalSection
EndGlobal
