
Microsoft Visual Studio Solution File, Format Version 12.00
# Visual Studio 14
VisualStudioVersion = 14.0.25420.1
MinimumVisualStudioVersion = 10.0.40219.1
Project("{FAE04EC0-301F-11D3-BF4B-00C04F79EFBC}") = "HiPMobile", "Sources\HiPMobile\HiPMobile.csproj", "{703AFE03-8F94-4F5C-A5E8-7D9774D0CED1}"
EndProject
Project("{FAE04EC0-301F-11D3-BF4B-00C04F79EFBC}") = "HipMobileUI", "Sources\HipMobileUI\HipMobileUI.csproj", "{8A545C1B-B2C8-425F-8303-BD5BD08A978D}"
EndProject
Project("{FAE04EC0-301F-11D3-BF4B-00C04F79EFBC}") = "HipMobileUI.Droid", "Sources\HipMobileUI.Droid\HipMobileUI.Droid.csproj", "{8A8AAEA0-C588-4A64-B15C-83510F845F33}"
EndProject
Project("{FAE04EC0-301F-11D3-BF4B-00C04F79EFBC}") = "HipMobileUI.iOS", "Sources\HipMobileUI.iOS\HipMobileUI.iOS.csproj", "{B00B332B-26E5-464B-80FB-F4F84D720CEF}"
EndProject
Global
	GlobalSection(SolutionConfigurationPlatforms) = preSolution
		Ad-Hoc|Any CPU = Ad-Hoc|Any CPU
		Ad-Hoc|iPhone = Ad-Hoc|iPhone
		Ad-Hoc|iPhoneSimulator = Ad-Hoc|iPhoneSimulator
		AppStore|Any CPU = AppStore|Any CPU
		AppStore|iPhone = AppStore|iPhone
		AppStore|iPhoneSimulator = AppStore|iPhoneSimulator
		Debug|Any CPU = Debug|Any CPU
		Debug|iPhone = Debug|iPhone
		Debug|iPhoneSimulator = Debug|iPhoneSimulator
		iOS Release|Any CPU = iOS Release|Any CPU
		iOS Release|iPhone = iOS Release|iPhone
		iOS Release|iPhoneSimulator = iOS Release|iPhoneSimulator
		Release|Any CPU = Release|Any CPU
		Release|iPhone = Release|iPhone
		Release|iPhoneSimulator = Release|iPhoneSimulator
	EndGlobalSection
	GlobalSection(ProjectConfigurationPlatforms) = postSolution
		{703AFE03-8F94-4F5C-A5E8-7D9774D0CED1}.Ad-Hoc|Any CPU.ActiveCfg = Release|Any CPU
		{703AFE03-8F94-4F5C-A5E8-7D9774D0CED1}.Ad-Hoc|Any CPU.Build.0 = Release|Any CPU
		{703AFE03-8F94-4F5C-A5E8-7D9774D0CED1}.Ad-Hoc|iPhone.ActiveCfg = Release|Any CPU
		{703AFE03-8F94-4F5C-A5E8-7D9774D0CED1}.Ad-Hoc|iPhone.Build.0 = Release|Any CPU
		{703AFE03-8F94-4F5C-A5E8-7D9774D0CED1}.Ad-Hoc|iPhoneSimulator.ActiveCfg = Release|Any CPU
		{703AFE03-8F94-4F5C-A5E8-7D9774D0CED1}.Ad-Hoc|iPhoneSimulator.Build.0 = Release|Any CPU
		{703AFE03-8F94-4F5C-A5E8-7D9774D0CED1}.AppStore|Any CPU.ActiveCfg = Release|Any CPU
		{703AFE03-8F94-4F5C-A5E8-7D9774D0CED1}.AppStore|Any CPU.Build.0 = Release|Any CPU
		{703AFE03-8F94-4F5C-A5E8-7D9774D0CED1}.AppStore|iPhone.ActiveCfg = Release|Any CPU
		{703AFE03-8F94-4F5C-A5E8-7D9774D0CED1}.AppStore|iPhone.Build.0 = Release|Any CPU
		{703AFE03-8F94-4F5C-A5E8-7D9774D0CED1}.AppStore|iPhoneSimulator.ActiveCfg = Release|Any CPU
		{703AFE03-8F94-4F5C-A5E8-7D9774D0CED1}.AppStore|iPhoneSimulator.Build.0 = Release|Any CPU
		{703AFE03-8F94-4F5C-A5E8-7D9774D0CED1}.Debug|Any CPU.ActiveCfg = Debug|Any CPU
		{703AFE03-8F94-4F5C-A5E8-7D9774D0CED1}.Debug|Any CPU.Build.0 = Debug|Any CPU
		{703AFE03-8F94-4F5C-A5E8-7D9774D0CED1}.Debug|iPhone.ActiveCfg = Debug|Any CPU
		{703AFE03-8F94-4F5C-A5E8-7D9774D0CED1}.Debug|iPhone.Build.0 = Debug|Any CPU
		{703AFE03-8F94-4F5C-A5E8-7D9774D0CED1}.Debug|iPhoneSimulator.ActiveCfg = Debug|Any CPU
		{703AFE03-8F94-4F5C-A5E8-7D9774D0CED1}.Debug|iPhoneSimulator.Build.0 = Debug|Any CPU
		{703AFE03-8F94-4F5C-A5E8-7D9774D0CED1}.iOS Release|Any CPU.ActiveCfg = iOS Release|Any CPU
		{703AFE03-8F94-4F5C-A5E8-7D9774D0CED1}.iOS Release|Any CPU.Build.0 = iOS Release|Any CPU
		{703AFE03-8F94-4F5C-A5E8-7D9774D0CED1}.iOS Release|iPhone.ActiveCfg = iOS Release|Any CPU
		{703AFE03-8F94-4F5C-A5E8-7D9774D0CED1}.iOS Release|iPhone.Build.0 = iOS Release|Any CPU
		{703AFE03-8F94-4F5C-A5E8-7D9774D0CED1}.iOS Release|iPhoneSimulator.ActiveCfg = iOS Release|Any CPU
		{703AFE03-8F94-4F5C-A5E8-7D9774D0CED1}.iOS Release|iPhoneSimulator.Build.0 = iOS Release|Any CPU
		{703AFE03-8F94-4F5C-A5E8-7D9774D0CED1}.Release|Any CPU.ActiveCfg = Release|Any CPU
		{703AFE03-8F94-4F5C-A5E8-7D9774D0CED1}.Release|Any CPU.Build.0 = Release|Any CPU
		{703AFE03-8F94-4F5C-A5E8-7D9774D0CED1}.Release|iPhone.ActiveCfg = Release|Any CPU
		{703AFE03-8F94-4F5C-A5E8-7D9774D0CED1}.Release|iPhone.Build.0 = Release|Any CPU
		{703AFE03-8F94-4F5C-A5E8-7D9774D0CED1}.Release|iPhoneSimulator.ActiveCfg = Release|Any CPU
		{703AFE03-8F94-4F5C-A5E8-7D9774D0CED1}.Release|iPhoneSimulator.Build.0 = Release|Any CPU
		{8A545C1B-B2C8-425F-8303-BD5BD08A978D}.Ad-Hoc|Any CPU.ActiveCfg = Release|Any CPU
		{8A545C1B-B2C8-425F-8303-BD5BD08A978D}.Ad-Hoc|Any CPU.Build.0 = Release|Any CPU
		{8A545C1B-B2C8-425F-8303-BD5BD08A978D}.Ad-Hoc|iPhone.ActiveCfg = Release|Any CPU
		{8A545C1B-B2C8-425F-8303-BD5BD08A978D}.Ad-Hoc|iPhone.Build.0 = Release|Any CPU
		{8A545C1B-B2C8-425F-8303-BD5BD08A978D}.Ad-Hoc|iPhoneSimulator.ActiveCfg = Release|Any CPU
		{8A545C1B-B2C8-425F-8303-BD5BD08A978D}.Ad-Hoc|iPhoneSimulator.Build.0 = Release|Any CPU
		{8A545C1B-B2C8-425F-8303-BD5BD08A978D}.AppStore|Any CPU.ActiveCfg = Release|Any CPU
		{8A545C1B-B2C8-425F-8303-BD5BD08A978D}.AppStore|Any CPU.Build.0 = Release|Any CPU
		{8A545C1B-B2C8-425F-8303-BD5BD08A978D}.AppStore|iPhone.ActiveCfg = Release|Any CPU
		{8A545C1B-B2C8-425F-8303-BD5BD08A978D}.AppStore|iPhone.Build.0 = Release|Any CPU
		{8A545C1B-B2C8-425F-8303-BD5BD08A978D}.AppStore|iPhoneSimulator.ActiveCfg = Release|Any CPU
		{8A545C1B-B2C8-425F-8303-BD5BD08A978D}.AppStore|iPhoneSimulator.Build.0 = Release|Any CPU
		{8A545C1B-B2C8-425F-8303-BD5BD08A978D}.Debug|Any CPU.ActiveCfg = Debug|Any CPU
		{8A545C1B-B2C8-425F-8303-BD5BD08A978D}.Debug|Any CPU.Build.0 = Debug|Any CPU
		{8A545C1B-B2C8-425F-8303-BD5BD08A978D}.Debug|iPhone.ActiveCfg = Debug|Any CPU
		{8A545C1B-B2C8-425F-8303-BD5BD08A978D}.Debug|iPhone.Build.0 = Debug|Any CPU
		{8A545C1B-B2C8-425F-8303-BD5BD08A978D}.Debug|iPhoneSimulator.ActiveCfg = Debug|Any CPU
		{8A545C1B-B2C8-425F-8303-BD5BD08A978D}.Debug|iPhoneSimulator.Build.0 = Debug|Any CPU
		{8A545C1B-B2C8-425F-8303-BD5BD08A978D}.iOS Release|Any CPU.ActiveCfg = iOS Release|Any CPU
		{8A545C1B-B2C8-425F-8303-BD5BD08A978D}.iOS Release|Any CPU.Build.0 = iOS Release|Any CPU
		{8A545C1B-B2C8-425F-8303-BD5BD08A978D}.iOS Release|iPhone.ActiveCfg = iOS Release|Any CPU
		{8A545C1B-B2C8-425F-8303-BD5BD08A978D}.iOS Release|iPhone.Build.0 = iOS Release|Any CPU
		{8A545C1B-B2C8-425F-8303-BD5BD08A978D}.iOS Release|iPhoneSimulator.ActiveCfg = iOS Release|Any CPU
		{8A545C1B-B2C8-425F-8303-BD5BD08A978D}.iOS Release|iPhoneSimulator.Build.0 = iOS Release|Any CPU
		{8A545C1B-B2C8-425F-8303-BD5BD08A978D}.Release|Any CPU.ActiveCfg = Release|Any CPU
		{8A545C1B-B2C8-425F-8303-BD5BD08A978D}.Release|Any CPU.Build.0 = Release|Any CPU
		{8A545C1B-B2C8-425F-8303-BD5BD08A978D}.Release|iPhone.ActiveCfg = Release|Any CPU
		{8A545C1B-B2C8-425F-8303-BD5BD08A978D}.Release|iPhone.Build.0 = Release|Any CPU
		{8A545C1B-B2C8-425F-8303-BD5BD08A978D}.Release|iPhoneSimulator.ActiveCfg = Release|Any CPU
		{8A545C1B-B2C8-425F-8303-BD5BD08A978D}.Release|iPhoneSimulator.Build.0 = Release|Any CPU
		{8A8AAEA0-C588-4A64-B15C-83510F845F33}.Ad-Hoc|Any CPU.ActiveCfg = Release|Any CPU
		{8A8AAEA0-C588-4A64-B15C-83510F845F33}.Ad-Hoc|Any CPU.Build.0 = Release|Any CPU
		{8A8AAEA0-C588-4A64-B15C-83510F845F33}.Ad-Hoc|Any CPU.Deploy.0 = Release|Any CPU
		{8A8AAEA0-C588-4A64-B15C-83510F845F33}.Ad-Hoc|iPhone.ActiveCfg = Release|Any CPU
		{8A8AAEA0-C588-4A64-B15C-83510F845F33}.Ad-Hoc|iPhone.Build.0 = Release|Any CPU
		{8A8AAEA0-C588-4A64-B15C-83510F845F33}.Ad-Hoc|iPhone.Deploy.0 = Release|Any CPU
		{8A8AAEA0-C588-4A64-B15C-83510F845F33}.Ad-Hoc|iPhoneSimulator.ActiveCfg = Release|Any CPU
		{8A8AAEA0-C588-4A64-B15C-83510F845F33}.Ad-Hoc|iPhoneSimulator.Build.0 = Release|Any CPU
		{8A8AAEA0-C588-4A64-B15C-83510F845F33}.Ad-Hoc|iPhoneSimulator.Deploy.0 = Release|Any CPU
		{8A8AAEA0-C588-4A64-B15C-83510F845F33}.AppStore|Any CPU.ActiveCfg = Release|Any CPU
		{8A8AAEA0-C588-4A64-B15C-83510F845F33}.AppStore|Any CPU.Build.0 = Release|Any CPU
		{8A8AAEA0-C588-4A64-B15C-83510F845F33}.AppStore|Any CPU.Deploy.0 = Release|Any CPU
		{8A8AAEA0-C588-4A64-B15C-83510F845F33}.AppStore|iPhone.ActiveCfg = Release|Any CPU
		{8A8AAEA0-C588-4A64-B15C-83510F845F33}.AppStore|iPhone.Build.0 = Release|Any CPU
		{8A8AAEA0-C588-4A64-B15C-83510F845F33}.AppStore|iPhone.Deploy.0 = Release|Any CPU
		{8A8AAEA0-C588-4A64-B15C-83510F845F33}.AppStore|iPhoneSimulator.ActiveCfg = Release|Any CPU
		{8A8AAEA0-C588-4A64-B15C-83510F845F33}.AppStore|iPhoneSimulator.Build.0 = Release|Any CPU
		{8A8AAEA0-C588-4A64-B15C-83510F845F33}.AppStore|iPhoneSimulator.Deploy.0 = Release|Any CPU
		{8A8AAEA0-C588-4A64-B15C-83510F845F33}.Debug|Any CPU.ActiveCfg = Debug|Any CPU
		{8A8AAEA0-C588-4A64-B15C-83510F845F33}.Debug|Any CPU.Build.0 = Debug|Any CPU
		{8A8AAEA0-C588-4A64-B15C-83510F845F33}.Debug|Any CPU.Deploy.0 = Debug|Any CPU
		{8A8AAEA0-C588-4A64-B15C-83510F845F33}.Debug|iPhone.ActiveCfg = Debug|Any CPU
		{8A8AAEA0-C588-4A64-B15C-83510F845F33}.Debug|iPhone.Build.0 = Debug|Any CPU
		{8A8AAEA0-C588-4A64-B15C-83510F845F33}.Debug|iPhone.Deploy.0 = Debug|Any CPU
		{8A8AAEA0-C588-4A64-B15C-83510F845F33}.Debug|iPhoneSimulator.ActiveCfg = Debug|Any CPU
		{8A8AAEA0-C588-4A64-B15C-83510F845F33}.Debug|iPhoneSimulator.Build.0 = Debug|Any CPU
		{8A8AAEA0-C588-4A64-B15C-83510F845F33}.Debug|iPhoneSimulator.Deploy.0 = Debug|Any CPU
		{8A8AAEA0-C588-4A64-B15C-83510F845F33}.iOS Release|Any CPU.ActiveCfg = iOS Release|Any CPU
		{8A8AAEA0-C588-4A64-B15C-83510F845F33}.iOS Release|iPhone.ActiveCfg = iOS Release|Any CPU
		{8A8AAEA0-C588-4A64-B15C-83510F845F33}.iOS Release|iPhoneSimulator.ActiveCfg = iOS Release|Any CPU
		{8A8AAEA0-C588-4A64-B15C-83510F845F33}.Release|Any CPU.ActiveCfg = Release|Any CPU
		{8A8AAEA0-C588-4A64-B15C-83510F845F33}.Release|Any CPU.Build.0 = Release|Any CPU
		{8A8AAEA0-C588-4A64-B15C-83510F845F33}.Release|Any CPU.Deploy.0 = Release|Any CPU
		{8A8AAEA0-C588-4A64-B15C-83510F845F33}.Release|iPhone.ActiveCfg = Release|Any CPU
		{8A8AAEA0-C588-4A64-B15C-83510F845F33}.Release|iPhone.Build.0 = Release|Any CPU
		{8A8AAEA0-C588-4A64-B15C-83510F845F33}.Release|iPhone.Deploy.0 = Release|Any CPU
		{8A8AAEA0-C588-4A64-B15C-83510F845F33}.Release|iPhoneSimulator.ActiveCfg = Release|Any CPU
		{8A8AAEA0-C588-4A64-B15C-83510F845F33}.Release|iPhoneSimulator.Build.0 = Release|Any CPU
		{8A8AAEA0-C588-4A64-B15C-83510F845F33}.Release|iPhoneSimulator.Deploy.0 = Release|Any CPU
		{B00B332B-26E5-464B-80FB-F4F84D720CEF}.Ad-Hoc|Any CPU.ActiveCfg = Ad-Hoc|iPhone
		{B00B332B-26E5-464B-80FB-F4F84D720CEF}.Ad-Hoc|iPhone.ActiveCfg = Ad-Hoc|iPhone
		{B00B332B-26E5-464B-80FB-F4F84D720CEF}.Ad-Hoc|iPhone.Build.0 = Ad-Hoc|iPhone
		{B00B332B-26E5-464B-80FB-F4F84D720CEF}.Ad-Hoc|iPhoneSimulator.ActiveCfg = Ad-Hoc|iPhoneSimulator
		{B00B332B-26E5-464B-80FB-F4F84D720CEF}.Ad-Hoc|iPhoneSimulator.Build.0 = Ad-Hoc|iPhoneSimulator
		{B00B332B-26E5-464B-80FB-F4F84D720CEF}.AppStore|Any CPU.ActiveCfg = AppStore|iPhone
		{B00B332B-26E5-464B-80FB-F4F84D720CEF}.AppStore|iPhone.ActiveCfg = AppStore|iPhone
		{B00B332B-26E5-464B-80FB-F4F84D720CEF}.AppStore|iPhone.Build.0 = AppStore|iPhone
		{B00B332B-26E5-464B-80FB-F4F84D720CEF}.AppStore|iPhoneSimulator.ActiveCfg = AppStore|iPhoneSimulator
		{B00B332B-26E5-464B-80FB-F4F84D720CEF}.AppStore|iPhoneSimulator.Build.0 = AppStore|iPhoneSimulator
		{B00B332B-26E5-464B-80FB-F4F84D720CEF}.Debug|Any CPU.ActiveCfg = Debug|iPhone
		{B00B332B-26E5-464B-80FB-F4F84D720CEF}.Debug|iPhone.ActiveCfg = Debug|iPhone
		{B00B332B-26E5-464B-80FB-F4F84D720CEF}.Debug|iPhone.Build.0 = Debug|iPhone
		{B00B332B-26E5-464B-80FB-F4F84D720CEF}.Debug|iPhoneSimulator.ActiveCfg = Debug|iPhoneSimulator
		{B00B332B-26E5-464B-80FB-F4F84D720CEF}.Debug|iPhoneSimulator.Build.0 = Debug|iPhoneSimulator
		{B00B332B-26E5-464B-80FB-F4F84D720CEF}.iOS Release|Any CPU.ActiveCfg = iOS Release|iPhone
		{B00B332B-26E5-464B-80FB-F4F84D720CEF}.iOS Release|iPhone.ActiveCfg = iOS Release|iPhone
		{B00B332B-26E5-464B-80FB-F4F84D720CEF}.iOS Release|iPhone.Build.0 = iOS Release|iPhone
		{B00B332B-26E5-464B-80FB-F4F84D720CEF}.iOS Release|iPhoneSimulator.ActiveCfg = iOS Release|iPhoneSimulator
		{B00B332B-26E5-464B-80FB-F4F84D720CEF}.iOS Release|iPhoneSimulator.Build.0 = iOS Release|iPhoneSimulator
		{B00B332B-26E5-464B-80FB-F4F84D720CEF}.Release|Any CPU.ActiveCfg = Release|iPhone
		{B00B332B-26E5-464B-80FB-F4F84D720CEF}.Release|iPhone.ActiveCfg = Release|iPhone
		{B00B332B-26E5-464B-80FB-F4F84D720CEF}.Release|iPhone.Build.0 = Release|iPhone
		{B00B332B-26E5-464B-80FB-F4F84D720CEF}.Release|iPhoneSimulator.ActiveCfg = Release|iPhoneSimulator
		{B00B332B-26E5-464B-80FB-F4F84D720CEF}.Release|iPhoneSimulator.Build.0 = Release|iPhoneSimulator
	EndGlobalSection
	GlobalSection(SolutionProperties) = preSolution
		HideSolutionNode = FALSE
	EndGlobalSection
EndGlobal
