
Microsoft Visual Studio Solution File, Format Version 12.00
# Visual Studio 2012
Project("{FAE04EC0-301F-11D3-BF4B-00C04F79EFBC}") = "MaterialControlsSample", "MaterialControlsSample.csproj", "{D0589554-D517-44CC-BF3E-9227FF0F1B0F}"
EndProject
Global
	GlobalSection(SolutionConfigurationPlatforms) = preSolution
		Debug|iPhoneSimulator = Debug|iPhoneSimulator
		Release|iPhone = Release|iPhone
		Release|iPhoneSimulator = Release|iPhoneSimulator
		Debug|iPhone = Debug|iPhone
		Debug|Any CPU = Debug|Any CPU
		Release|Any CPU = Release|Any CPU
	EndGlobalSection
	GlobalSection(ProjectConfigurationPlatforms) = postSolution
		{D0589554-D517-44CC-BF3E-9227FF0F1B0F}.Debug|Any CPU.ActiveCfg = Debug|iPhoneSimulator
		{D0589554-D517-44CC-BF3E-9227FF0F1B0F}.Debug|Any CPU.Build.0 = Debug|iPhoneSimulator
		{D0589554-D517-44CC-BF3E-9227FF0F1B0F}.Debug|iPhone.ActiveCfg = Debug|iPhone
		{D0589554-D517-44CC-BF3E-9227FF0F1B0F}.Debug|iPhone.Build.0 = Debug|iPhone
		{D0589554-D517-44CC-BF3E-9227FF0F1B0F}.Debug|iPhoneSimulator.ActiveCfg = Debug|iPhoneSimulator
		{D0589554-D517-44CC-BF3E-9227FF0F1B0F}.Debug|iPhoneSimulator.Build.0 = Debug|iPhoneSimulator
		{D0589554-D517-44CC-BF3E-9227FF0F1B0F}.Release|Any CPU.ActiveCfg = Release|iPhone
		{D0589554-D517-44CC-BF3E-9227FF0F1B0F}.Release|Any CPU.Build.0 = Release|iPhone
		{D0589554-D517-44CC-BF3E-9227FF0F1B0F}.Release|iPhone.ActiveCfg = Release|iPhone
		{D0589554-D517-44CC-BF3E-9227FF0F1B0F}.Release|iPhone.Build.0 = Release|iPhone
		{D0589554-D517-44CC-BF3E-9227FF0F1B0F}.Release|iPhoneSimulator.ActiveCfg = Release|iPhoneSimulator
		{D0589554-D517-44CC-BF3E-9227FF0F1B0F}.Release|iPhoneSimulator.Build.0 = Release|iPhoneSimulator
	EndGlobalSection
EndGlobal
